{
  "name": "task--day-1",
  "version": "1.0.0",
  "lockfileVersion": 3,
  "requires": true,
  "packages": {
    "": {
      "name": "task--day-1",
      "version": "1.0.0",
      "license": "ISC",
      "dependencies": {
        "1.0.2": "^1.0.0",
        "prem_cal": "^1.0.3"
      },
      "devDependencies": {}
    },
    "node_modules/1.0.2": {
      "version": "1.0.0",
      "resolved": "https://registry.npmjs.org/1.0.2/-/1.0.2-1.0.0.tgz",
      "integrity": "sha512-K3Gb6MWcOoqTIpIHtB+p9kIhuVwxQVMvuDSYL9jawSKJiIvwxrZ53druvZXLGLtWaIBILCnL2NZ0SJOxuB9/lQ==",
      "license": "ISC"
    },
    "node_modules/prem_cal": {
      "version": "1.0.3",
      "resolved": "https://registry.npmjs.org/prem_cal/-/prem_cal-1.0.3.tgz",
      "integrity": "sha512-i8ozkheghl1Omx4/hPNYAf4xPIZ+iCyft8YRG/UFIg03FoVMVdcnlBCJPI7wtKlwv7d0NTjt5Cnve2spMy+0DQ==",
      "license": "ISC",
      "dependencies": {
        "prem_cal": "^1.0.2"
      }
    }
  }
}
