{
  "name": "prem_cal",
  "version": "1.0.3",
  "lockfileVersion": 3,
  "requires": true,
  "packages": {
    "": {
      "name": "prem_cal",
      "version": "1.0.3",
      "license": "ISC",
      "dependencies": {
        "prem_cal": "^1.0.2"
      }
    },
    "node_modules/prem_cal": {
      "version": "1.0.2",
      "resolved": "https://registry.npmjs.org/prem_cal/-/prem_cal-1.0.2.tgz",
      "integrity": "sha512-IxgCrHNIF7DB8rtgCA7nBxlfiR2ijPoJp2VTYkICFQ4yPwwXj6cCSLnLs142APRRjFYJSxQV4rTG3cYKwH3JMw==",
      "license": "ISC",
      "dependencies": {
        "prem_cal": "^1.0.0"
      }
    }
  }
}
